
Microsoft Visual Studio Solution File, Format Version 12.00
# Visual Studio Version 16
VisualStudioVersion = 16.0.31105.61
MinimumVisualStudioVersion = 10.0.40219.1
Project("{9A19103F-16F7-4668-BE54-9A1E7A4F7556}") = "BlazorName", "BlazorName\BlazorName.csproj", "{B29876F7-657F-4DA3-9B78-1FA3CFCD21BA}"
EndProject
Global
	GlobalSection(SolutionConfigurationPlatforms) = preSolution
		Debug|Any CPU = Debug|Any CPU
		Release|Any CPU = Release|Any CPU
	EndGlobalSection
	GlobalSection(ProjectConfigurationPlatforms) = postSolution
		{B29876F7-657F-4DA3-9B78-1FA3CFCD21BA}.Debug|Any CPU.ActiveCfg = Debug|Any CPU
		{B29876F7-657F-4DA3-9B78-1FA3CFCD21BA}.Debug|Any CPU.Build.0 = Debug|Any CPU
		{B29876F7-657F-4DA3-9B78-1FA3CFCD21BA}.Release|Any CPU.ActiveCfg = Release|Any CPU
		{B29876F7-657F-4DA3-9B78-1FA3CFCD21BA}.Release|Any CPU.Build.0 = Release|Any CPU
	EndGlobalSection
	GlobalSection(SolutionProperties) = preSolution
		HideSolutionNode = FALSE
	EndGlobalSection
	GlobalSection(ExtensibilityGlobals) = postSolution
		SolutionGuid = {4F1A90C1-8C34-4BBF-8E6F-1A4BAEEAAA70}
	EndGlobalSection
EndGlobal
